
Microsoft Visual Studio Solution File, Format Version 12.00
# Visual Studio Version 17
VisualStudioVersion = 17.14.36109.1 d17.14
MinimumVisualStudioVersion = 10.0.40219.1
Project("{FAE04EC0-301F-11D3-BF4B-00C04F79EFBC}") = "HigerTrack", "HigerTrack.csproj", "{9647F96F-EAC4-46A5-BFCC-C115BA3C7015}"
EndProject
Global
	GlobalSection(SolutionConfigurationPlatforms) = preSolution
		Debug|Any CPU = Debug|Any CPU
		Release|Any CPU = Release|Any CPU
	EndGlobalSection
	GlobalSection(ProjectConfigurationPlatforms) = postSolution
		{9647F96F-EAC4-46A5-BFCC-C115BA3C7015}.Debug|Any CPU.ActiveCfg = Debug|Any CPU
		{9647F96F-EAC4-46A5-BFCC-C115BA3C7015}.Debug|Any CPU.Build.0 = Debug|Any CPU
		{9647F96F-EAC4-46A5-BFCC-C115BA3C7015}.Release|Any CPU.ActiveCfg = Release|Any CPU
		{9647F96F-EAC4-46A5-BFCC-C115BA3C7015}.Release|Any CPU.Build.0 = Release|Any CPU
	EndGlobalSection
	GlobalSection(SolutionProperties) = preSolution
		HideSolutionNode = FALSE
	EndGlobalSection
	GlobalSection(ExtensibilityGlobals) = postSolution
		SolutionGuid = {6C31D517-8332-4EEB-8A81-3B71EBFA59B6}
	EndGlobalSection
EndGlobal
